
Microsoft Visual Studio Solution File, Format Version 11.00
# Visual Studio 2010
Project("{FAE04EC0-301F-11D3-BF4B-00C04F79EFBC}") = "RentCar", "RentCar\RentCar.csproj", "{DA4E1A34-FC00-4E46-8513-C34EB4C85E96}"
EndProject
Project("{FAE04EC0-301F-11D3-BF4B-00C04F79EFBC}") = "MyResources", "MyResources\MyResources.csproj", "{43693DC1-EEA3-4278-A5B0-D9ACB2BEEE01}"
EndProject
Project("{FAE04EC0-301F-11D3-BF4B-00C04F79EFBC}") = "RentCarDynamicEnt", "RentCarDynamicEnt\RentCarDynamicEnt.csproj", "{CAFC87B1-C362-4E8E-95FB-E27DC15D0902}"
EndProject
Project("{FAE04EC0-301F-11D3-BF4B-00C04F79EFBC}") = "RentCarEntity", "RentCarEntity\RentCarEntity.csproj", "{1BB0DCF8-30AA-425C-9BD5-64D6132C6290}"
EndProject
Project("{FAE04EC0-301F-11D3-BF4B-00C04F79EFBC}") = "AdventureWorksDDEF", "AdventureWorksEF\AdventureWorksDDEF.csproj", "{B861391C-CD3F-4265-B5EE-0972B1726B41}"
EndProject
Project("{FAE04EC0-301F-11D3-BF4B-00C04F79EFBC}") = "AdventureWorksMVCEF", "AdventureWorksMVCEF\AdventureWorksMVCEF.csproj", "{E34B94A5-D1C4-4821-B9F2-97CF4367B7F0}"
EndProject
Project("{2150E333-8FDC-42A3-9474-1A3956D46DE8}") = "AdventureWorks", "AdventureWorks", "{974E4AD8-0A8B-41AB-8894-BBE6E27846A5}"
EndProject
Project("{FAE04EC0-301F-11D3-BF4B-00C04F79EFBC}") = "AdventureWorks_MVC", "AdventureWorks_MVC\AdventureWorks_MVC.csproj", "{19879F3C-E482-4AF0-B0D0-9D381C2927C3}"
EndProject
Project("{FAE04EC0-301F-11D3-BF4B-00C04F79EFBC}") = "AdventureWorksResource", "AdventureWorksResource\AdventureWorksResource.csproj", "{B05DE304-BABF-4B6D-8ADD-37B28964BC2E}"
EndProject
Project("{2150E333-8FDC-42A3-9474-1A3956D46DE8}") = "RentC", "RentC", "{260E8888-60B0-4E29-8A8D-F23CD552E775}"
EndProject
Global
	GlobalSection(SolutionConfigurationPlatforms) = preSolution
		Debug|Any CPU = Debug|Any CPU
		Release|Any CPU = Release|Any CPU
	EndGlobalSection
	GlobalSection(ProjectConfigurationPlatforms) = postSolution
		{DA4E1A34-FC00-4E46-8513-C34EB4C85E96}.Debug|Any CPU.ActiveCfg = Debug|Any CPU
		{DA4E1A34-FC00-4E46-8513-C34EB4C85E96}.Debug|Any CPU.Build.0 = Debug|Any CPU
		{DA4E1A34-FC00-4E46-8513-C34EB4C85E96}.Release|Any CPU.ActiveCfg = Release|Any CPU
		{DA4E1A34-FC00-4E46-8513-C34EB4C85E96}.Release|Any CPU.Build.0 = Release|Any CPU
		{43693DC1-EEA3-4278-A5B0-D9ACB2BEEE01}.Debug|Any CPU.ActiveCfg = Debug|Any CPU
		{43693DC1-EEA3-4278-A5B0-D9ACB2BEEE01}.Debug|Any CPU.Build.0 = Debug|Any CPU
		{43693DC1-EEA3-4278-A5B0-D9ACB2BEEE01}.Release|Any CPU.ActiveCfg = Release|Any CPU
		{43693DC1-EEA3-4278-A5B0-D9ACB2BEEE01}.Release|Any CPU.Build.0 = Release|Any CPU
		{CAFC87B1-C362-4E8E-95FB-E27DC15D0902}.Debug|Any CPU.ActiveCfg = Debug|Any CPU
		{CAFC87B1-C362-4E8E-95FB-E27DC15D0902}.Debug|Any CPU.Build.0 = Debug|Any CPU
		{CAFC87B1-C362-4E8E-95FB-E27DC15D0902}.Release|Any CPU.ActiveCfg = Release|Any CPU
		{CAFC87B1-C362-4E8E-95FB-E27DC15D0902}.Release|Any CPU.Build.0 = Release|Any CPU
		{1BB0DCF8-30AA-425C-9BD5-64D6132C6290}.Debug|Any CPU.ActiveCfg = Debug|Any CPU
		{1BB0DCF8-30AA-425C-9BD5-64D6132C6290}.Debug|Any CPU.Build.0 = Debug|Any CPU
		{1BB0DCF8-30AA-425C-9BD5-64D6132C6290}.Release|Any CPU.ActiveCfg = Release|Any CPU
		{1BB0DCF8-30AA-425C-9BD5-64D6132C6290}.Release|Any CPU.Build.0 = Release|Any CPU
		{B861391C-CD3F-4265-B5EE-0972B1726B41}.Debug|Any CPU.ActiveCfg = Debug|Any CPU
		{B861391C-CD3F-4265-B5EE-0972B1726B41}.Debug|Any CPU.Build.0 = Debug|Any CPU
		{B861391C-CD3F-4265-B5EE-0972B1726B41}.Release|Any CPU.ActiveCfg = Release|Any CPU
		{B861391C-CD3F-4265-B5EE-0972B1726B41}.Release|Any CPU.Build.0 = Release|Any CPU
		{E34B94A5-D1C4-4821-B9F2-97CF4367B7F0}.Debug|Any CPU.ActiveCfg = Debug|Any CPU
		{E34B94A5-D1C4-4821-B9F2-97CF4367B7F0}.Debug|Any CPU.Build.0 = Debug|Any CPU
		{E34B94A5-D1C4-4821-B9F2-97CF4367B7F0}.Release|Any CPU.ActiveCfg = Release|Any CPU
		{E34B94A5-D1C4-4821-B9F2-97CF4367B7F0}.Release|Any CPU.Build.0 = Release|Any CPU
		{19879F3C-E482-4AF0-B0D0-9D381C2927C3}.Debug|Any CPU.ActiveCfg = Debug|Any CPU
		{19879F3C-E482-4AF0-B0D0-9D381C2927C3}.Debug|Any CPU.Build.0 = Debug|Any CPU
		{19879F3C-E482-4AF0-B0D0-9D381C2927C3}.Release|Any CPU.ActiveCfg = Release|Any CPU
		{19879F3C-E482-4AF0-B0D0-9D381C2927C3}.Release|Any CPU.Build.0 = Release|Any CPU
		{B05DE304-BABF-4B6D-8ADD-37B28964BC2E}.Debug|Any CPU.ActiveCfg = Debug|Any CPU
		{B05DE304-BABF-4B6D-8ADD-37B28964BC2E}.Debug|Any CPU.Build.0 = Debug|Any CPU
		{B05DE304-BABF-4B6D-8ADD-37B28964BC2E}.Release|Any CPU.ActiveCfg = Release|Any CPU
		{B05DE304-BABF-4B6D-8ADD-37B28964BC2E}.Release|Any CPU.Build.0 = Release|Any CPU
	EndGlobalSection
	GlobalSection(SolutionProperties) = preSolution
		HideSolutionNode = FALSE
	EndGlobalSection
	GlobalSection(NestedProjects) = preSolution
		{E34B94A5-D1C4-4821-B9F2-97CF4367B7F0} = {974E4AD8-0A8B-41AB-8894-BBE6E27846A5}
		{B861391C-CD3F-4265-B5EE-0972B1726B41} = {974E4AD8-0A8B-41AB-8894-BBE6E27846A5}
		{19879F3C-E482-4AF0-B0D0-9D381C2927C3} = {974E4AD8-0A8B-41AB-8894-BBE6E27846A5}
		{B05DE304-BABF-4B6D-8ADD-37B28964BC2E} = {974E4AD8-0A8B-41AB-8894-BBE6E27846A5}
		{1BB0DCF8-30AA-425C-9BD5-64D6132C6290} = {260E8888-60B0-4E29-8A8D-F23CD552E775}
		{43693DC1-EEA3-4278-A5B0-D9ACB2BEEE01} = {260E8888-60B0-4E29-8A8D-F23CD552E775}
		{DA4E1A34-FC00-4E46-8513-C34EB4C85E96} = {260E8888-60B0-4E29-8A8D-F23CD552E775}
		{CAFC87B1-C362-4E8E-95FB-E27DC15D0902} = {260E8888-60B0-4E29-8A8D-F23CD552E775}
	EndGlobalSection
EndGlobal
